
Microsoft Visual Studio Solution File, Format Version 12.00
Project("{FAE04EC0-301F-11D3-BF4B-00C04F79EFBC}") = "Gaev.Labs", "Gaev.Labs\Gaev.Labs.csproj", "{5283C7ED-2A55-45FE-BBB8-16D868B020A4}"
EndProject
Project("{FAE04EC0-301F-11D3-BF4B-00C04F79EFBC}") = "Gaev.Labs.Tests", "Gaev.Labs.Tests\Gaev.Labs.Tests.csproj", "{A632A550-DEFB-4FCD-8E5B-740BCAA40BD5}"
EndProject
Global
	GlobalSection(SolutionConfigurationPlatforms) = preSolution
		Debug|Any CPU = Debug|Any CPU
		Release|Any CPU = Release|Any CPU
	EndGlobalSection
	GlobalSection(ProjectConfigurationPlatforms) = postSolution
		{5283C7ED-2A55-45FE-BBB8-16D868B020A4}.Debug|Any CPU.ActiveCfg = Debug|Any CPU
		{5283C7ED-2A55-45FE-BBB8-16D868B020A4}.Debug|Any CPU.Build.0 = Debug|Any CPU
		{5283C7ED-2A55-45FE-BBB8-16D868B020A4}.Release|Any CPU.ActiveCfg = Release|Any CPU
		{5283C7ED-2A55-45FE-BBB8-16D868B020A4}.Release|Any CPU.Build.0 = Release|Any CPU
		{A632A550-DEFB-4FCD-8E5B-740BCAA40BD5}.Debug|Any CPU.ActiveCfg = Debug|Any CPU
		{A632A550-DEFB-4FCD-8E5B-740BCAA40BD5}.Debug|Any CPU.Build.0 = Debug|Any CPU
		{A632A550-DEFB-4FCD-8E5B-740BCAA40BD5}.Release|Any CPU.ActiveCfg = Release|Any CPU
		{A632A550-DEFB-4FCD-8E5B-740BCAA40BD5}.Release|Any CPU.Build.0 = Release|Any CPU
	EndGlobalSection
EndGlobal
